
Microsoft Visual Studio Solution File, Format Version 12.00
# Visual Studio Version 17
VisualStudioVersion = 17.11.35312.102
MinimumVisualStudioVersion = 10.0.40219.1
Project("{9A19103F-16F7-4668-BE54-9A1E7A4F7556}") = "SmartBots.Domain", "SmartBots.Domain\SmartBots.Domain.csproj", "{E26834E6-7DAD-4502-8CF5-5D031C3DAB73}"
EndProject
Project("{9A19103F-16F7-4668-BE54-9A1E7A4F7556}") = "SmartBots.Application", "SmartBots.Application\SmartBots.Application.csproj", "{AD3CDCFB-4366-4E2E-B2A3-5B8804BE137F}"
EndProject
Project("{9A19103F-16F7-4668-BE54-9A1E7A4F7556}") = "SmartBots.Infrastructure", "SmartBots.Infrastructure\SmartBots.Infrastructure.csproj", "{CC9E1E7E-9B4F-4436-976F-3D2D518BF917}"
EndProject
Project("{2150E333-8FDC-42A3-9474-1A3956D46DE8}") = "ExchangePlatforms", "ExchangePlatforms", "{E2D65616-7B3F-4D9A-8164-C49ECBB3263B}"
EndProject
Project("{9A19103F-16F7-4668-BE54-9A1E7A4F7556}") = "SmartBots.BinancePlatform", "SmartBots.BinancePlatform\SmartBots.BinancePlatform.csproj", "{99F5B0FB-28EF-4179-BFB6-3D8CA155C770}"
EndProject
Project("{9A19103F-16F7-4668-BE54-9A1E7A4F7556}") = "SmartBots.Client", "SmartBots.Client\SmartBots.Client.csproj", "{4671D013-AAC2-4B1C-BB06-5737B3AD1180}"
EndProject
Project("{9A19103F-16F7-4668-BE54-9A1E7A4F7556}") = "SmartBots", "SmartBots\SmartBots.csproj", "{8F83E573-6111-4760-A8A8-0F1D8A0204EE}"
EndProject
Global
	GlobalSection(SolutionConfigurationPlatforms) = preSolution
		Debug|Any CPU = Debug|Any CPU
		Release|Any CPU = Release|Any CPU
	EndGlobalSection
	GlobalSection(ProjectConfigurationPlatforms) = postSolution
		{E26834E6-7DAD-4502-8CF5-5D031C3DAB73}.Debug|Any CPU.ActiveCfg = Debug|Any CPU
		{E26834E6-7DAD-4502-8CF5-5D031C3DAB73}.Debug|Any CPU.Build.0 = Debug|Any CPU
		{E26834E6-7DAD-4502-8CF5-5D031C3DAB73}.Release|Any CPU.ActiveCfg = Release|Any CPU
		{E26834E6-7DAD-4502-8CF5-5D031C3DAB73}.Release|Any CPU.Build.0 = Release|Any CPU
		{AD3CDCFB-4366-4E2E-B2A3-5B8804BE137F}.Debug|Any CPU.ActiveCfg = Debug|Any CPU
		{AD3CDCFB-4366-4E2E-B2A3-5B8804BE137F}.Debug|Any CPU.Build.0 = Debug|Any CPU
		{AD3CDCFB-4366-4E2E-B2A3-5B8804BE137F}.Release|Any CPU.ActiveCfg = Release|Any CPU
		{AD3CDCFB-4366-4E2E-B2A3-5B8804BE137F}.Release|Any CPU.Build.0 = Release|Any CPU
		{CC9E1E7E-9B4F-4436-976F-3D2D518BF917}.Debug|Any CPU.ActiveCfg = Debug|Any CPU
		{CC9E1E7E-9B4F-4436-976F-3D2D518BF917}.Debug|Any CPU.Build.0 = Debug|Any CPU
		{CC9E1E7E-9B4F-4436-976F-3D2D518BF917}.Release|Any CPU.ActiveCfg = Release|Any CPU
		{CC9E1E7E-9B4F-4436-976F-3D2D518BF917}.Release|Any CPU.Build.0 = Release|Any CPU
		{99F5B0FB-28EF-4179-BFB6-3D8CA155C770}.Debug|Any CPU.ActiveCfg = Debug|Any CPU
		{99F5B0FB-28EF-4179-BFB6-3D8CA155C770}.Debug|Any CPU.Build.0 = Debug|Any CPU
		{99F5B0FB-28EF-4179-BFB6-3D8CA155C770}.Release|Any CPU.ActiveCfg = Release|Any CPU
		{99F5B0FB-28EF-4179-BFB6-3D8CA155C770}.Release|Any CPU.Build.0 = Release|Any CPU
		{4671D013-AAC2-4B1C-BB06-5737B3AD1180}.Debug|Any CPU.ActiveCfg = Debug|Any CPU
		{4671D013-AAC2-4B1C-BB06-5737B3AD1180}.Debug|Any CPU.Build.0 = Debug|Any CPU
		{4671D013-AAC2-4B1C-BB06-5737B3AD1180}.Release|Any CPU.ActiveCfg = Release|Any CPU
		{4671D013-AAC2-4B1C-BB06-5737B3AD1180}.Release|Any CPU.Build.0 = Release|Any CPU
		{8F83E573-6111-4760-A8A8-0F1D8A0204EE}.Debug|Any CPU.ActiveCfg = Debug|Any CPU
		{8F83E573-6111-4760-A8A8-0F1D8A0204EE}.Debug|Any CPU.Build.0 = Debug|Any CPU
		{8F83E573-6111-4760-A8A8-0F1D8A0204EE}.Release|Any CPU.ActiveCfg = Release|Any CPU
		{8F83E573-6111-4760-A8A8-0F1D8A0204EE}.Release|Any CPU.Build.0 = Release|Any CPU
	EndGlobalSection
	GlobalSection(SolutionProperties) = preSolution
		HideSolutionNode = FALSE
	EndGlobalSection
	GlobalSection(NestedProjects) = preSolution
		{99F5B0FB-28EF-4179-BFB6-3D8CA155C770} = {E2D65616-7B3F-4D9A-8164-C49ECBB3263B}
	EndGlobalSection
	GlobalSection(ExtensibilityGlobals) = postSolution
		SolutionGuid = {5BC9B790-57E5-4A4B-8BCE-E0E1E07BC021}
	EndGlobalSection
EndGlobal
